// !$*UTF8*$!
{
	archiveVersion = 1;
	classes = {
	};
	objectVersion = 56;
	objects = {

/* Begin PBXBuildFile section */
		102CA4C82B3E240C00C3DA2E /* SQLite.framework in Frameworks */ = {isa = PBXBuildFile; fileRef = 96E66BC32B2F5745006E1E97 /* SQLite.framework */; };
		102CA4DF2B3E691F00C3DA2E /* LaunchAtLogin in Frameworks */ = {isa = PBXBuildFile; productRef = 102CA4DE2B3E691F00C3DA2E /* LaunchAtLogin */; };
		960AC0242B58D0590050C62A /* ImageResizer.swift in Sources */ = {isa = PBXBuildFile; fileRef = 960AC0232B58D0590050C62A /* ImageResizer.swift */; };
		961C95DA2B2E19B30093F228 /* remApp.swift in Sources */ = {isa = PBXBuildFile; fileRef = 961C95D92B2E19B30093F228 /* remApp.swift */; };
		961C95DC2B2E19B30093F228 /* ContentView.swift in Sources */ = {isa = PBXBuildFile; fileRef = 961C95DB2B2E19B30093F228 /* ContentView.swift */; };
		961C95E12B2E19B40093F228 /* Preview Assets.xcassets in Resources */ = {isa = PBXBuildFile; fileRef = 961C95E02B2E19B40093F228 /* Preview Assets.xcassets */; };
		961C95EC2B2E19B40093F228 /* remTests.swift in Sources */ = {isa = PBXBuildFile; fileRef = 961C95EB2B2E19B40093F228 /* remTests.swift */; };
		961C95F62B2E19B40093F228 /* remUITests.swift in Sources */ = {isa = PBXBuildFile; fileRef = 961C95F52B2E19B40093F228 /* remUITests.swift */; };
		961C95F82B2E19B40093F228 /* remUITestsLaunchTests.swift in Sources */ = {isa = PBXBuildFile; fileRef = 961C95F72B2E19B40093F228 /* remUITestsLaunchTests.swift */; };
		961C96132B2EB7DB0093F228 /* TimelineView.swift in Sources */ = {isa = PBXBuildFile; fileRef = 961C96122B2EB7DB0093F228 /* TimelineView.swift */; };
		961C96152B2EBEE50093F228 /* DB.swift in Sources */ = {isa = PBXBuildFile; fileRef = 961C96142B2EBEE50093F228 /* DB.swift */; };
		969BA2EC2B3D1D46009EE9C6 /* SettingsManager.swift in Sources */ = {isa = PBXBuildFile; fileRef = 969BA2EB2B3D1D46009EE9C6 /* SettingsManager.swift */; };
		969F3EFF2B3A8C4D0085787B /* HotKey in Frameworks */ = {isa = PBXBuildFile; productRef = 969F3EFE2B3A8C4D0085787B /* HotKey */; };
		969F3F082B3B7C7C0085787B /* RemFileManager.swift in Sources */ = {isa = PBXBuildFile; fileRef = 969F3F072B3B7C7C0085787B /* RemFileManager.swift */; };
		969F3F0B2B3CB2110085787B /* Field.swift in Sources */ = {isa = PBXBuildFile; fileRef = 969F3F0A2B3CB2110085787B /* Field.swift */; };
		969F3F0D2B3CCEC30085787B /* Ask.swift in Sources */ = {isa = PBXBuildFile; fileRef = 969F3F0C2B3CCEC30085787B /* Ask.swift */; };
		96B0DA382B3A02530030E8AE /* ClipboardManager.swift in Sources */ = {isa = PBXBuildFile; fileRef = 96B0DA372B3A02530030E8AE /* ClipboardManager.swift */; };
		96B0DA3A2B3A08280030E8AE /* TextMerger.swift in Sources */ = {isa = PBXBuildFile; fileRef = 96B0DA392B3A08280030E8AE /* TextMerger.swift */; };
		96B0DA3D2B3A87110030E8AE /* Assets.xcassets in Resources */ = {isa = PBXBuildFile; fileRef = 961C95DD2B2E19B40093F228 /* Assets.xcassets */; };
		96DBA3182B3E7D3B0000CFBE /* SQLite.framework in Embed Frameworks */ = {isa = PBXBuildFile; fileRef = 96E66BC32B2F5745006E1E97 /* SQLite.framework */; settings = {ATTRIBUTES = (CodeSignOnCopy, RemoveHeadersOnCopy, ); }; };
		96DBA3362B3F29C40000CFBE /* main.swift in Sources */ = {isa = PBXBuildFile; fileRef = 96DBA3352B3F29C40000CFBE /* main.swift */; };
		96DBA33D2B3F2AC30000CFBE /* ffmpeg in Embed Helper Tools */ = {isa = PBXBuildFile; fileRef = 961C960D2B2E73840093F228 /* ffmpeg */; settings = {ATTRIBUTES = (CodeSignOnCopy, ); }; };
		96DBA3C82B40164E0000CFBE /* (null) in Sources */ = {isa = PBXBuildFile; };
		96DBA3E72B403ED90000CFBE /* Timings.swift in Sources */ = {isa = PBXBuildFile; fileRef = 96DBA3E62B403ED90000CFBE /* Timings.swift */; };
		96F062182B35111D00695621 /* Search.swift in Sources */ = {isa = PBXBuildFile; fileRef = 96F062172B35111D00695621 /* Search.swift */; };
		BF5FEBFB2B44B26800744FC2 /* ImageHelper.swift in Sources */ = {isa = PBXBuildFile; fileRef = BF5FEBFA2B44B26800744FC2 /* ImageHelper.swift */; };
		BF5FEBFC2B44B26800744FC2 /* ImageHelper.swift in Sources */ = {isa = PBXBuildFile; fileRef = BF5FEBFA2B44B26800744FC2 /* ImageHelper.swift */; };
		BF5FEBFD2B44B26800744FC2 /* ImageHelper.swift in Sources */ = {isa = PBXBuildFile; fileRef = BF5FEBFA2B44B26800744FC2 /* ImageHelper.swift */; };
/* End PBXBuildFile section */

/* Begin PBXContainerItemProxy section */
		961C95E82B2E19B40093F228 /* PBXContainerItemProxy */ = {
			isa = PBXContainerItemProxy;
			containerPortal = 961C95CE2B2E19B30093F228 /* Project object */;
			proxyType = 1;
			remoteGlobalIDString = 961C95D52B2E19B30093F228;
			remoteInfo = rem;
		};
		961C95F22B2E19B40093F228 /* PBXContainerItemProxy */ = {
			isa = PBXContainerItemProxy;
			containerPortal = 961C95CE2B2E19B30093F228 /* Project object */;
			proxyType = 1;
			remoteGlobalIDString = 961C95D52B2E19B30093F228;
			remoteInfo = rem;
		};
		96DBA33B2B3F2A970000CFBE /* PBXContainerItemProxy */ = {
			isa = PBXContainerItemProxy;
			containerPortal = 961C95CE2B2E19B30093F228 /* Project object */;
			proxyType = 1;
			remoteGlobalIDString = 96DBA3322B3F29C30000CFBE;
			remoteInfo = ffmpegX;
		};
		96E66BBE2B2F5745006E1E97 /* PBXContainerItemProxy */ = {
			isa = PBXContainerItemProxy;
			containerPortal = 96E66BB42B2F5745006E1E97 /* SQLite.xcodeproj */;
			proxyType = 2;
			remoteGlobalIDString = EE247AD31C3F04ED00AE3E12;
			remoteInfo = "SQLite iOS";
		};
		96E66BC02B2F5745006E1E97 /* PBXContainerItemProxy */ = {
			isa = PBXContainerItemProxy;
			containerPortal = 96E66BB42B2F5745006E1E97 /* SQLite.xcodeproj */;
			proxyType = 2;
			remoteGlobalIDString = EE247ADD1C3F04ED00AE3E12;
			remoteInfo = "SQLiteTests iOS";
		};
		96E66BC22B2F5745006E1E97 /* PBXContainerItemProxy */ = {
			isa = PBXContainerItemProxy;
			containerPortal = 96E66BB42B2F5745006E1E97 /* SQLite.xcodeproj */;
			proxyType = 2;
			remoteGlobalIDString = EE247B3C1C3F3ED000AE3E12;
			remoteInfo = "SQLite Mac";
		};
		96E66BC42B2F5745006E1E97 /* PBXContainerItemProxy */ = {
			isa = PBXContainerItemProxy;
			containerPortal = 96E66BB42B2F5745006E1E97 /* SQLite.xcodeproj */;
			proxyType = 2;
			remoteGlobalIDString = EE247B451C3F3ED000AE3E12;
			remoteInfo = "SQLiteTests Mac";
		};
		96E66BC62B2F5745006E1E97 /* PBXContainerItemProxy */ = {
			isa = PBXContainerItemProxy;
			containerPortal = 96E66BB42B2F5745006E1E97 /* SQLite.xcodeproj */;
			proxyType = 2;
			remoteGlobalIDString = 03A65E5A1C6BB0F50062603F;
			remoteInfo = "SQLite tvOS";
		};
		96E66BC82B2F5745006E1E97 /* PBXContainerItemProxy */ = {
			isa = PBXContainerItemProxy;
			containerPortal = 96E66BB42B2F5745006E1E97 /* SQLite.xcodeproj */;
			proxyType = 2;
			remoteGlobalIDString = 03A65E631C6BB0F60062603F;
			remoteInfo = "SQLiteTests tvOS";
		};
		96E66BCA2B2F5745006E1E97 /* PBXContainerItemProxy */ = {
			isa = PBXContainerItemProxy;
			containerPortal = 96E66BB42B2F5745006E1E97 /* SQLite.xcodeproj */;
			proxyType = 2;
			remoteGlobalIDString = A121AC451CA35C79005A31D1;
			remoteInfo = "SQLite watchOS";
		};
		96E66BD62B2F574D006E1E97 /* PBXContainerItemProxy */ = {
			isa = PBXContainerItemProxy;
			containerPortal = 96E66BCC2B2F574D006E1E97 /* SQLite.xcodeproj */;
			proxyType = 2;
			remoteGlobalIDString = EE247AD31C3F04ED00AE3E12;
			remoteInfo = "SQLite iOS";
		};
		96E66BD82B2F574D006E1E97 /* PBXContainerItemProxy */ = {
			isa = PBXContainerItemProxy;
			containerPortal = 96E66BCC2B2F574D006E1E97 /* SQLite.xcodeproj */;
			proxyType = 2;
			remoteGlobalIDString = EE247ADD1C3F04ED00AE3E12;
			remoteInfo = "SQLiteTests iOS";
		};
		96E66BDA2B2F574D006E1E97 /* PBXContainerItemProxy */ = {
			isa = PBXContainerItemProxy;
			containerPortal = 96E66BCC2B2F574D006E1E97 /* SQLite.xcodeproj */;
			proxyType = 2;
			remoteGlobalIDString = EE247B3C1C3F3ED000AE3E12;
			remoteInfo = "SQLite Mac";
		};
		96E66BDC2B2F574D006E1E97 /* PBXContainerItemProxy */ = {
			isa = PBXContainerItemProxy;
			containerPortal = 96E66BCC2B2F574D006E1E97 /* SQLite.xcodeproj */;
			proxyType = 2;
			remoteGlobalIDString = EE247B451C3F3ED000AE3E12;
			remoteInfo = "SQLiteTests Mac";
		};
		96E66BDE2B2F574D006E1E97 /* PBXContainerItemProxy */ = {
			isa = PBXContainerItemProxy;
			containerPortal = 96E66BCC2B2F574D006E1E97 /* SQLite.xcodeproj */;
			proxyType = 2;
			remoteGlobalIDString = 03A65E5A1C6BB0F50062603F;
			remoteInfo = "SQLite tvOS";
		};
		96E66BE02B2F574D006E1E97 /* PBXContainerItemProxy */ = {
			isa = PBXContainerItemProxy;
			containerPortal = 96E66BCC2B2F574D006E1E97 /* SQLite.xcodeproj */;
			proxyType = 2;
			remoteGlobalIDString = 03A65E631C6BB0F60062603F;
			remoteInfo = "SQLiteTests tvOS";
		};
		96E66BE22B2F574D006E1E97 /* PBXContainerItemProxy */ = {
			isa = PBXContainerItemProxy;
			containerPortal = 96E66BCC2B2F574D006E1E97 /* SQLite.xcodeproj */;
			proxyType = 2;
			remoteGlobalIDString = A121AC451CA35C79005A31D1;
			remoteInfo = "SQLite watchOS";
		};
/* End PBXContainerItemProxy section */

/* Begin PBXCopyFilesBuildPhase section */
		961C96092B2E71AB0093F228 /* Embed Helper Tools */ = {
			isa = PBXCopyFilesBuildPhase;
			buildActionMask = 2147483647;
			dstPath = "";
			dstSubfolderSpec = 6;
			files = (
				96DBA33D2B3F2AC30000CFBE /* ffmpeg in Embed Helper Tools */,
			);
			name = "Embed Helper Tools";
			runOnlyForDeploymentPostprocessing = 0;
		};
		969F3F062B3B70570085787B /* Embed Frameworks */ = {
			isa = PBXCopyFilesBuildPhase;
			buildActionMask = 2147483647;
			dstPath = "";
			dstSubfolderSpec = 10;
			files = (
				96DBA3182B3E7D3B0000CFBE /* SQLite.framework in Embed Frameworks */,
			);
			name = "Embed Frameworks";
			runOnlyForDeploymentPostprocessing = 0;
		};
		96DBA3312B3F29C30000CFBE /* Copy Files */ = {
			isa = PBXCopyFilesBuildPhase;
			buildActionMask = 2147483647;
			dstPath = /usr/share/man/man1/;
			dstSubfolderSpec = 0;
			files = (
			);
			name = "Copy Files";
			runOnlyForDeploymentPostprocessing = 1;
		};
/* End PBXCopyFilesBuildPhase section */

/* Begin PBXFileReference section */
		960AC0232B58D0590050C62A /* ImageResizer.swift */ = {isa = PBXFileReference; lastKnownFileType = sourcecode.swift; path = ImageResizer.swift; sourceTree = "<group>"; };
		961C95D62B2E19B30093F228 /* rem.app */ = {isa = PBXFileReference; explicitFileType = wrapper.application; includeInIndex = 0; path = rem.app; sourceTree = BUILT_PRODUCTS_DIR; };
		961C95D92B2E19B30093F228 /* remApp.swift */ = {isa = PBXFileReference; lastKnownFileType = sourcecode.swift; path = remApp.swift; sourceTree = "<group>"; };
		961C95DB2B2E19B30093F228 /* ContentView.swift */ = {isa = PBXFileReference; lastKnownFileType = sourcecode.swift; path = ContentView.swift; sourceTree = "<group>"; };
		961C95DD2B2E19B40093F228 /* Assets.xcassets */ = {isa = PBXFileReference; lastKnownFileType = folder.assetcatalog; path = Assets.xcassets; sourceTree = "<group>"; };
		961C95E02B2E19B40093F228 /* Preview Assets.xcassets */ = {isa = PBXFileReference; lastKnownFileType = folder.assetcatalog; path = "Preview Assets.xcassets"; sourceTree = "<group>"; };
		961C95E22B2E19B40093F228 /* rem.entitlements */ = {isa = PBXFileReference; lastKnownFileType = text.plist.entitlements; path = rem.entitlements; sourceTree = "<group>"; };
		961C95E72B2E19B40093F228 /* remTests.xctest */ = {isa = PBXFileReference; explicitFileType = wrapper.cfbundle; includeInIndex = 0; path = remTests.xctest; sourceTree = BUILT_PRODUCTS_DIR; };
		961C95EB2B2E19B40093F228 /* remTests.swift */ = {isa = PBXFileReference; lastKnownFileType = sourcecode.swift; path = remTests.swift; sourceTree = "<group>"; };
		961C95F12B2E19B40093F228 /* remUITests.xctest */ = {isa = PBXFileReference; explicitFileType = wrapper.cfbundle; includeInIndex = 0; path = remUITests.xctest; sourceTree = BUILT_PRODUCTS_DIR; };
		961C95F52B2E19B40093F228 /* remUITests.swift */ = {isa = PBXFileReference; lastKnownFileType = sourcecode.swift; path = remUITests.swift; sourceTree = "<group>"; };
		961C95F72B2E19B40093F228 /* remUITestsLaunchTests.swift */ = {isa = PBXFileReference; lastKnownFileType = sourcecode.swift; path = remUITestsLaunchTests.swift; sourceTree = "<group>"; };
		961C960D2B2E73840093F228 /* ffmpeg */ = {isa = PBXFileReference; lastKnownFileType = "compiled.mach-o.executable"; path = ffmpeg; sourceTree = "<group>"; };
		961C96122B2EB7DB0093F228 /* TimelineView.swift */ = {isa = PBXFileReference; lastKnownFileType = sourcecode.swift; path = TimelineView.swift; sourceTree = "<group>"; };
		961C96142B2EBEE50093F228 /* DB.swift */ = {isa = PBXFileReference; lastKnownFileType = sourcecode.swift; path = DB.swift; sourceTree = "<group>"; };
		969BA2EB2B3D1D46009EE9C6 /* SettingsManager.swift */ = {isa = PBXFileReference; lastKnownFileType = sourcecode.swift; path = SettingsManager.swift; sourceTree = "<group>"; };
		969F3F072B3B7C7C0085787B /* RemFileManager.swift */ = {isa = PBXFileReference; lastKnownFileType = sourcecode.swift; path = RemFileManager.swift; sourceTree = "<group>"; };
		969F3F092B3B7F760085787B /* Info.plist */ = {isa = PBXFileReference; lastKnownFileType = text.plist; path = Info.plist; sourceTree = "<group>"; };
		969F3F0A2B3CB2110085787B /* Field.swift */ = {isa = PBXFileReference; lastKnownFileType = sourcecode.swift; path = Field.swift; sourceTree = "<group>"; };
		969F3F0C2B3CCEC30085787B /* Ask.swift */ = {isa = PBXFileReference; lastKnownFileType = sourcecode.swift; path = Ask.swift; sourceTree = "<group>"; };
		96B0DA372B3A02530030E8AE /* ClipboardManager.swift */ = {isa = PBXFileReference; lastKnownFileType = sourcecode.swift; path = ClipboardManager.swift; sourceTree = "<group>"; };
		96B0DA392B3A08280030E8AE /* TextMerger.swift */ = {isa = PBXFileReference; lastKnownFileType = sourcecode.swift; path = TextMerger.swift; sourceTree = "<group>"; };
		96DBA3332B3F29C40000CFBE /* ffmpegX */ = {isa = PBXFileReference; explicitFileType = "compiled.mach-o.executable"; includeInIndex = 0; path = ffmpegX; sourceTree = BUILT_PRODUCTS_DIR; };
		96DBA3352B3F29C40000CFBE /* main.swift */ = {isa = PBXFileReference; lastKnownFileType = sourcecode.swift; path = main.swift; sourceTree = "<group>"; };
		96DBA33E2B3F2AFF0000CFBE /* ffmpegX.entitlements */ = {isa = PBXFileReference; lastKnownFileType = text.plist.entitlements; path = ffmpegX.entitlements; sourceTree = "<group>"; };
		96DBA3E62B403ED90000CFBE /* Timings.swift */ = {isa = PBXFileReference; lastKnownFileType = sourcecode.swift; path = Timings.swift; sourceTree = "<group>"; };
		96E66BB42B2F5745006E1E97 /* SQLite.xcodeproj */ = {isa = PBXFileReference; lastKnownFileType = "wrapper.pb-project"; name = SQLite.xcodeproj; path = ./SQLite.swift/SQLite.xcodeproj; sourceTree = "<group>"; };
		96E66BCC2B2F574D006E1E97 /* SQLite.xcodeproj */ = {isa = PBXFileReference; lastKnownFileType = "wrapper.pb-project"; name = SQLite.xcodeproj; path = ./SQLite.swift/SQLite.xcodeproj; sourceTree = "<group>"; };
		96F062172B35111D00695621 /* Search.swift */ = {isa = PBXFileReference; lastKnownFileType = sourcecode.swift; path = Search.swift; sourceTree = "<group>"; };
		BF5FEBFA2B44B26800744FC2 /* ImageHelper.swift */ = {isa = PBXFileReference; fileEncoding = 4; lastKnownFileType = sourcecode.swift; path = ImageHelper.swift; sourceTree = "<group>"; };
/* End PBXFileReference section */

/* Begin PBXFrameworksBuildPhase section */
		961C95D32B2E19B30093F228 /* Frameworks */ = {
			isa = PBXFrameworksBuildPhase;
			buildActionMask = 2147483647;
			files = (
				102CA4DF2B3E691F00C3DA2E /* LaunchAtLogin in Frameworks */,
				102CA4C82B3E240C00C3DA2E /* SQLite.framework in Frameworks */,
				969F3EFF2B3A8C4D0085787B /* HotKey in Frameworks */,
			);
			runOnlyForDeploymentPostprocessing = 0;
		};
		961C95E42B2E19B40093F228 /* Frameworks */ = {
			isa = PBXFrameworksBuildPhase;
			buildActionMask = 2147483647;
			files = (
			);
			runOnlyForDeploymentPostprocessing = 0;
		};
		961C95EE2B2E19B40093F228 /* Frameworks */ = {
			isa = PBXFrameworksBuildPhase;
			buildActionMask = 2147483647;
			files = (
			);
			runOnlyForDeploymentPostprocessing = 0;
		};
		96DBA3302B3F29C30000CFBE /* Frameworks */ = {
			isa = PBXFrameworksBuildPhase;
			buildActionMask = 2147483647;
			files = (
			);
			runOnlyForDeploymentPostprocessing = 0;
		};
/* End PBXFrameworksBuildPhase section */

/* Begin PBXGroup section */
		961C95CD2B2E19B30093F228 = {
			isa = PBXGroup;
			children = (
				96E66BB42B2F5745006E1E97 /* SQLite.xcodeproj */,
				961C96042B2E70110093F228 /* Resources */,
				961C95D82B2E19B30093F228 /* rem */,
				961C95EA2B2E19B40093F228 /* remTests */,
				961C95F42B2E19B40093F228 /* remUITests */,
				96DBA3342B3F29C40000CFBE /* ffmpegX */,
				961C95D72B2E19B30093F228 /* Products */,
				96E66BE42B2F5781006E1E97 /* Frameworks */,
			);
			sourceTree = "<group>";
		};
		961C95D72B2E19B30093F228 /* Products */ = {
			isa = PBXGroup;
			children = (
				961C95D62B2E19B30093F228 /* rem.app */,
				961C95E72B2E19B40093F228 /* remTests.xctest */,
				961C95F12B2E19B40093F228 /* remUITests.xctest */,
				96DBA3332B3F29C40000CFBE /* ffmpegX */,
			);
			name = Products;
			sourceTree = "<group>";
		};
		961C95D82B2E19B30093F228 /* rem */ = {
			isa = PBXGroup;
			children = (
				969F3F092B3B7F760085787B /* Info.plist */,
				961C96122B2EB7DB0093F228 /* TimelineView.swift */,
				BF5FEBFA2B44B26800744FC2 /* ImageHelper.swift */,
				960AC0232B58D0590050C62A /* ImageResizer.swift */,
				961C95D92B2E19B30093F228 /* remApp.swift */,
				961C95DB2B2E19B30093F228 /* ContentView.swift */,
				961C95DD2B2E19B40093F228 /* Assets.xcassets */,
				961C95E22B2E19B40093F228 /* rem.entitlements */,
				961C95DF2B2E19B40093F228 /* Preview Content */,
				961C96142B2EBEE50093F228 /* DB.swift */,
				96F062172B35111D00695621 /* Search.swift */,
				96B0DA372B3A02530030E8AE /* ClipboardManager.swift */,
				96B0DA392B3A08280030E8AE /* TextMerger.swift */,
				969F3F072B3B7C7C0085787B /* RemFileManager.swift */,
				969F3F0A2B3CB2110085787B /* Field.swift */,
				969F3F0C2B3CCEC30085787B /* Ask.swift */,
				969BA2EB2B3D1D46009EE9C6 /* SettingsManager.swift */,
				96DBA3E62B403ED90000CFBE /* Timings.swift */,
			);
			path = rem;
			sourceTree = "<group>";
		};
		961C95DF2B2E19B40093F228 /* Preview Content */ = {
			isa = PBXGroup;
			children = (
				961C95E02B2E19B40093F228 /* Preview Assets.xcassets */,
			);
			path = "Preview Content";
			sourceTree = "<group>";
		};
		961C95EA2B2E19B40093F228 /* remTests */ = {
			isa = PBXGroup;
			children = (
				961C95EB2B2E19B40093F228 /* remTests.swift */,
			);
			path = remTests;
			sourceTree = "<group>";
		};
		961C95F42B2E19B40093F228 /* remUITests */ = {
			isa = PBXGroup;
			children = (
				96E66BCC2B2F574D006E1E97 /* SQLite.xcodeproj */,
				961C95F52B2E19B40093F228 /* remUITests.swift */,
				961C95F72B2E19B40093F228 /* remUITestsLaunchTests.swift */,
			);
			path = remUITests;
			sourceTree = "<group>";
		};
		961C96042B2E70110093F228 /* Resources */ = {
			isa = PBXGroup;
			children = (
				961C960D2B2E73840093F228 /* ffmpeg */,
			);
			path = Resources;
			sourceTree = "<group>";
		};
		96DBA3342B3F29C40000CFBE /* ffmpegX */ = {
			isa = PBXGroup;
			children = (
				96DBA33E2B3F2AFF0000CFBE /* ffmpegX.entitlements */,
				96DBA3352B3F29C40000CFBE /* main.swift */,
			);
			path = ffmpegX;
			sourceTree = "<group>";
		};
		96E66BB52B2F5745006E1E97 /* Products */ = {
			isa = PBXGroup;
			children = (
				96E66BBF2B2F5745006E1E97 /* SQLite.framework */,
				96E66BC12B2F5745006E1E97 /* SQLiteTests iOS.xctest */,
				96E66BC32B2F5745006E1E97 /* SQLite.framework */,
				96E66BC52B2F5745006E1E97 /* SQLiteTests Mac.xctest */,
				96E66BC72B2F5745006E1E97 /* SQLite.framework */,
				96E66BC92B2F5745006E1E97 /* SQLiteTests tvOS.xctest */,
				96E66BCB2B2F5745006E1E97 /* SQLite.framework */,
			);
			name = Products;
			sourceTree = "<group>";
		};
		96E66BCD2B2F574D006E1E97 /* Products */ = {
			isa = PBXGroup;
			children = (
				96E66BD72B2F574D006E1E97 /* SQLite.framework */,
				96E66BD92B2F574D006E1E97 /* SQLiteTests iOS.xctest */,
				96E66BDB2B2F574D006E1E97 /* SQLite.framework */,
				96E66BDD2B2F574D006E1E97 /* SQLiteTests Mac.xctest */,
				96E66BDF2B2F574D006E1E97 /* SQLite.framework */,
				96E66BE12B2F574D006E1E97 /* SQLiteTests tvOS.xctest */,
				96E66BE32B2F574D006E1E97 /* SQLite.framework */,
			);
			name = Products;
			sourceTree = "<group>";
		};
		96E66BE42B2F5781006E1E97 /* Frameworks */ = {
			isa = PBXGroup;
			children = (
			);
			name = Frameworks;
			sourceTree = "<group>";
		};
/* End PBXGroup section */

/* Begin PBXNativeTarget section */
		961C95D52B2E19B30093F228 /* rem */ = {
			isa = PBXNativeTarget;
			buildConfigurationList = 961C95FB2B2E19B40093F228 /* Build configuration list for PBXNativeTarget "rem" */;
			buildPhases = (
				961C96092B2E71AB0093F228 /* Embed Helper Tools */,
				961C95D22B2E19B30093F228 /* Sources */,
				961C95D32B2E19B30093F228 /* Frameworks */,
				961C95D42B2E19B30093F228 /* Resources */,
				969F3F062B3B70570085787B /* Embed Frameworks */,
			);
			buildRules = (
			);
			dependencies = (
				96DBA33C2B3F2A970000CFBE /* PBXTargetDependency */,
			);
			name = rem;
			packageProductDependencies = (
				969F3EFE2B3A8C4D0085787B /* HotKey */,
				102CA4DE2B3E691F00C3DA2E /* LaunchAtLogin */,
			);
			productName = rem;
			productReference = 961C95D62B2E19B30093F228 /* rem.app */;
			productType = "com.apple.product-type.application";
		};
		961C95E62B2E19B40093F228 /* remTests */ = {
			isa = PBXNativeTarget;
			buildConfigurationList = 961C95FE2B2E19B40093F228 /* Build configuration list for PBXNativeTarget "remTests" */;
			buildPhases = (
				961C95E32B2E19B40093F228 /* Sources */,
				961C95E42B2E19B40093F228 /* Frameworks */,
				961C95E52B2E19B40093F228 /* Resources */,
			);
			buildRules = (
			);
			dependencies = (
				961C95E92B2E19B40093F228 /* PBXTargetDependency */,
			);
			name = remTests;
			productName = remTests;
			productReference = 961C95E72B2E19B40093F228 /* remTests.xctest */;
			productType = "com.apple.product-type.bundle.unit-test";
		};
		961C95F02B2E19B40093F228 /* remUITests */ = {
			isa = PBXNativeTarget;
			buildConfigurationList = 961C96012B2E19B40093F228 /* Build configuration list for PBXNativeTarget "remUITests" */;
			buildPhases = (
				961C95ED2B2E19B40093F228 /* Sources */,
				961C95EE2B2E19B40093F228 /* Frameworks */,
				961C95EF2B2E19B40093F228 /* Resources */,
			);
			buildRules = (
			);
			dependencies = (
				961C95F32B2E19B40093F228 /* PBXTargetDependency */,
			);
			name = remUITests;
			productName = remUITests;
			productReference = 961C95F12B2E19B40093F228 /* remUITests.xctest */;
			productType = "com.apple.product-type.bundle.ui-testing";
		};
		96DBA3322B3F29C30000CFBE /* ffmpegX */ = {
			isa = PBXNativeTarget;
			buildConfigurationList = 96DBA3372B3F29C40000CFBE /* Build configuration list for PBXNativeTarget "ffmpegX" */;
			buildPhases = (
				96DBA32F2B3F29C30000CFBE /* Sources */,
				96DBA3302B3F29C30000CFBE /* Frameworks */,
				96DBA3312B3F29C30000CFBE /* Copy Files */,
			);
			buildRules = (
			);
			dependencies = (
			);
			name = ffmpegX;
			productName = ffmpegX;
			productReference = 96DBA3332B3F29C40000CFBE /* ffmpegX */;
			productType = "com.apple.product-type.tool";
		};
/* End PBXNativeTarget section */

/* Begin PBXProject section */
		961C95CE2B2E19B30093F228 /* Project object */ = {
			isa = PBXProject;
			attributes = {
				BuildIndependentTargetsInParallel = 1;
				LastSwiftUpdateCheck = 1510;
				LastUpgradeCheck = 1410;
				TargetAttributes = {
					961C95D52B2E19B30093F228 = {
						CreatedOnToolsVersion = 14.1;
					};
					961C95E62B2E19B40093F228 = {
						CreatedOnToolsVersion = 14.1;
						TestTargetID = 961C95D52B2E19B30093F228;
					};
					961C95F02B2E19B40093F228 = {
						CreatedOnToolsVersion = 14.1;
						TestTargetID = 961C95D52B2E19B30093F228;
					};
					96DBA3322B3F29C30000CFBE = {
						CreatedOnToolsVersion = 15.1;
					};
				};
			};
			buildConfigurationList = 961C95D12B2E19B30093F228 /* Build configuration list for PBXProject "rem" */;
			compatibilityVersion = "Xcode 14.0";
			developmentRegion = en;
			hasScannedForEncodings = 0;
			knownRegions = (
				en,
				Base,
			);
			mainGroup = 961C95CD2B2E19B30093F228;
			packageReferences = (
				969F3EFD2B3A8C4D0085787B /* XCRemoteSwiftPackageReference "HotKey" */,
				102CA4DD2B3E691F00C3DA2E /* XCRemoteSwiftPackageReference "LaunchAtLogin-Modern" */,
			);
			productRefGroup = 961C95D72B2E19B30093F228 /* Products */;
			projectDirPath = "";
			projectReferences = (
				{
					ProductGroup = 96E66BB52B2F5745006E1E97 /* Products */;
					ProjectRef = 96E66BB42B2F5745006E1E97 /* SQLite.xcodeproj */;
				},
				{
					ProductGroup = 96E66BCD2B2F574D006E1E97 /* Products */;
					ProjectRef = 96E66BCC2B2F574D006E1E97 /* SQLite.xcodeproj */;
				},
			);
			projectRoot = "";
			targets = (
				961C95D52B2E19B30093F228 /* rem */,
				961C95E62B2E19B40093F228 /* remTests */,
				961C95F02B2E19B40093F228 /* remUITests */,
				96DBA3322B3F29C30000CFBE /* ffmpegX */,
			);
		};
/* End PBXProject section */

/* Begin PBXReferenceProxy section */
		96E66BBF2B2F5745006E1E97 /* SQLite.framework */ = {
			isa = PBXReferenceProxy;
			fileType = wrapper.framework;
			path = SQLite.framework;
			remoteRef = 96E66BBE2B2F5745006E1E97 /* PBXContainerItemProxy */;
			sourceTree = BUILT_PRODUCTS_DIR;
		};
		96E66BC12B2F5745006E1E97 /* SQLiteTests iOS.xctest */ = {
			isa = PBXReferenceProxy;
			fileType = wrapper.cfbundle;
			path = "SQLiteTests iOS.xctest";
			remoteRef = 96E66BC02B2F5745006E1E97 /* PBXContainerItemProxy */;
			sourceTree = BUILT_PRODUCTS_DIR;
		};
		96E66BC32B2F5745006E1E97 /* SQLite.framework */ = {
			isa = PBXReferenceProxy;
			fileType = wrapper.framework;
			path = SQLite.framework;
			remoteRef = 96E66BC22B2F5745006E1E97 /* PBXContainerItemProxy */;
			sourceTree = BUILT_PRODUCTS_DIR;
		};
		96E66BC52B2F5745006E1E97 /* SQLiteTests Mac.xctest */ = {
			isa = PBXReferenceProxy;
			fileType = wrapper.cfbundle;
			path = "SQLiteTests Mac.xctest";
			remoteRef = 96E66BC42B2F5745006E1E97 /* PBXContainerItemProxy */;
			sourceTree = BUILT_PRODUCTS_DIR;
		};
		96E66BC72B2F5745006E1E97 /* SQLite.framework */ = {
			isa = PBXReferenceProxy;
			fileType = wrapper.framework;
			path = SQLite.framework;
			remoteRef = 96E66BC62B2F5745006E1E97 /* PBXContainerItemProxy */;
			sourceTree = BUILT_PRODUCTS_DIR;
		};
		96E66BC92B2F5745006E1E97 /* SQLiteTests tvOS.xctest */ = {
			isa = PBXReferenceProxy;
			fileType = wrapper.cfbundle;
			path = "SQLiteTests tvOS.xctest";
			remoteRef = 96E66BC82B2F5745006E1E97 /* PBXContainerItemProxy */;
			sourceTree = BUILT_PRODUCTS_DIR;
		};
		96E66BCB2B2F5745006E1E97 /* SQLite.framework */ = {
			isa = PBXReferenceProxy;
			fileType = wrapper.framework;
			path = SQLite.framework;
			remoteRef = 96E66BCA2B2F5745006E1E97 /* PBXContainerItemProxy */;
			sourceTree = BUILT_PRODUCTS_DIR;
		};
		96E66BD72B2F574D006E1E97 /* SQLite.framework */ = {
			isa = PBXReferenceProxy;
			fileType = wrapper.framework;
			path = SQLite.framework;
			remoteRef = 96E66BD62B2F574D006E1E97 /* PBXContainerItemProxy */;
			sourceTree = BUILT_PRODUCTS_DIR;
		};
		96E66BD92B2F574D006E1E97 /* SQLiteTests iOS.xctest */ = {
			isa = PBXReferenceProxy;
			fileType = wrapper.cfbundle;
			path = "SQLiteTests iOS.xctest";
			remoteRef = 96E66BD82B2F574D006E1E97 /* PBXContainerItemProxy */;
			sourceTree = BUILT_PRODUCTS_DIR;
		};
		96E66BDB2B2F574D006E1E97 /* SQLite.framework */ = {
			isa = PBXReferenceProxy;
			fileType = wrapper.framework;
			path = SQLite.framework;
			remoteRef = 96E66BDA2B2F574D006E1E97 /* PBXContainerItemProxy */;
			sourceTree = BUILT_PRODUCTS_DIR;
		};
		96E66BDD2B2F574D006E1E97 /* SQLiteTests Mac.xctest */ = {
			isa = PBXReferenceProxy;
			fileType = wrapper.cfbundle;
			path = "SQLiteTests Mac.xctest";
			remoteRef = 96E66BDC2B2F574D006E1E97 /* PBXContainerItemProxy */;
			sourceTree = BUILT_PRODUCTS_DIR;
		};
		96E66BDF2B2F574D006E1E97 /* SQLite.framework */ = {
			isa = PBXReferenceProxy;
			fileType = wrapper.framework;
			path = SQLite.framework;
			remoteRef = 96E66BDE2B2F574D006E1E97 /* PBXContainerItemProxy */;
			sourceTree = BUILT_PRODUCTS_DIR;
		};
		96E66BE12B2F574D006E1E97 /* SQLiteTests tvOS.xctest */ = {
			isa = PBXReferenceProxy;
			fileType = wrapper.cfbundle;
			path = "SQLiteTests tvOS.xctest";
			remoteRef = 96E66BE02B2F574D006E1E97 /* PBXContainerItemProxy */;
			sourceTree = BUILT_PRODUCTS_DIR;
		};
		96E66BE32B2F574D006E1E97 /* SQLite.framework */ = {
			isa = PBXReferenceProxy;
			fileType = wrapper.framework;
			path = SQLite.framework;
			remoteRef = 96E66BE22B2F574D006E1E97 /* PBXContainerItemProxy */;
			sourceTree = BUILT_PRODUCTS_DIR;
		};
/* End PBXReferenceProxy section */

/* Begin PBXResourcesBuildPhase section */
		961C95D42B2E19B30093F228 /* Resources */ = {
			isa = PBXResourcesBuildPhase;
			buildActionMask = 2147483647;
			files = (
				961C95E12B2E19B40093F228 /* Preview Assets.xcassets in Resources */,
				96B0DA3D2B3A87110030E8AE /* Assets.xcassets in Resources */,
			);
			runOnlyForDeploymentPostprocessing = 0;
		};
		961C95E52B2E19B40093F228 /* Resources */ = {
			isa = PBXResourcesBuildPhase;
			buildActionMask = 2147483647;
			files = (
			);
			runOnlyForDeploymentPostprocessing = 0;
		};
		961C95EF2B2E19B40093F228 /* Resources */ = {
			isa = PBXResourcesBuildPhase;
			buildActionMask = 2147483647;
			files = (
			);
			runOnlyForDeploymentPostprocessing = 0;
		};
/* End PBXResourcesBuildPhase section */

/* Begin PBXSourcesBuildPhase section */
		961C95D22B2E19B30093F228 /* Sources */ = {
			isa = PBXSourcesBuildPhase;
			buildActionMask = 2147483647;
			files = (
				960AC0242B58D0590050C62A /* ImageResizer.swift in Sources */,
				961C95DC2B2E19B30093F228 /* ContentView.swift in Sources */,
				961C96152B2EBEE50093F228 /* DB.swift in Sources */,
				96B0DA3A2B3A08280030E8AE /* TextMerger.swift in Sources */,
				96F062182B35111D00695621 /* Search.swift in Sources */,
				961C96132B2EB7DB0093F228 /* TimelineView.swift in Sources */,
				96DBA3C82B40164E0000CFBE /* (null) in Sources */,
				969F3F082B3B7C7C0085787B /* RemFileManager.swift in Sources */,
				961C95DA2B2E19B30093F228 /* remApp.swift in Sources */,
				96B0DA382B3A02530030E8AE /* ClipboardManager.swift in Sources */,
				969F3F0B2B3CB2110085787B /* Field.swift in Sources */,
				969BA2EC2B3D1D46009EE9C6 /* SettingsManager.swift in Sources */,
				969F3F0D2B3CCEC30085787B /* Ask.swift in Sources */,
				96DBA3E72B403ED90000CFBE /* Timings.swift in Sources */,
				BF5FEBFB2B44B26800744FC2 /* ImageHelper.swift in Sources */,
			);
			runOnlyForDeploymentPostprocessing = 0;
		};
		961C95E32B2E19B40093F228 /* Sources */ = {
			isa = PBXSourcesBuildPhase;
			buildActionMask = 2147483647;
			files = (
				961C95EC2B2E19B40093F228 /* remTests.swift in Sources */,
				BF5FEBFC2B44B26800744FC2 /* ImageHelper.swift in Sources */,
			);
			runOnlyForDeploymentPostprocessing = 0;
		};
		961C95ED2B2E19B40093F228 /* Sources */ = {
			isa = PBXSourcesBuildPhase;
			buildActionMask = 2147483647;
			files = (
				961C95F62B2E19B40093F228 /* remUITests.swift in Sources */,
				961C95F82B2E19B40093F228 /* remUITestsLaunchTests.swift in Sources */,
				BF5FEBFD2B44B26800744FC2 /* ImageHelper.swift in Sources */,
			);
			runOnlyForDeploymentPostprocessing = 0;
		};
		96DBA32F2B3F29C30000CFBE /* Sources */ = {
			isa = PBXSourcesBuildPhase;
			buildActionMask = 2147483647;
			files = (
				96DBA3362B3F29C40000CFBE /* main.swift in Sources */,
			);
			runOnlyForDeploymentPostprocessing = 0;
		};
/* End PBXSourcesBuildPhase section */

/* Begin PBXTargetDependency section */
		961C95E92B2E19B40093F228 /* PBXTargetDependency */ = {
			isa = PBXTargetDependency;
			target = 961C95D52B2E19B30093F228 /* rem */;
			targetProxy = 961C95E82B2E19B40093F228 /* PBXContainerItemProxy */;
		};
		961C95F32B2E19B40093F228 /* PBXTargetDependency */ = {
			isa = PBXTargetDependency;
			target = 961C95D52B2E19B30093F228 /* rem */;
			targetProxy = 961C95F22B2E19B40093F228 /* PBXContainerItemProxy */;
		};
		96DBA33C2B3F2A970000CFBE /* PBXTargetDependency */ = {
			isa = PBXTargetDependency;
			target = 96DBA3322B3F29C30000CFBE /* ffmpegX */;
			targetProxy = 96DBA33B2B3F2A970000CFBE /* PBXContainerItemProxy */;
		};
/* End PBXTargetDependency section */

/* Begin XCBuildConfiguration section */
		961C95F92B2E19B40093F228 /* Debug */ = {
			isa = XCBuildConfiguration;
			buildSettings = {
				ALWAYS_SEARCH_USER_PATHS = NO;
				ARCHS = arm64;
				CLANG_ANALYZER_NONNULL = YES;
				CLANG_ANALYZER_NUMBER_OBJECT_CONVERSION = YES_AGGRESSIVE;
				CLANG_CXX_LANGUAGE_STANDARD = "gnu++20";
				CLANG_ENABLE_MODULES = YES;
				CLANG_ENABLE_OBJC_ARC = YES;
				CLANG_ENABLE_OBJC_WEAK = YES;
				CLANG_WARN_BLOCK_CAPTURE_AUTORELEASING = YES;
				CLANG_WARN_BOOL_CONVERSION = YES;
				CLANG_WARN_COMMA = YES;
				CLANG_WARN_CONSTANT_CONVERSION = YES;
				CLANG_WARN_DEPRECATED_OBJC_IMPLEMENTATIONS = YES;
				CLANG_WARN_DIRECT_OBJC_ISA_USAGE = YES_ERROR;
				CLANG_WARN_DOCUMENTATION_COMMENTS = YES;
				CLANG_WARN_EMPTY_BODY = YES;
				CLANG_WARN_ENUM_CONVERSION = YES;
				CLANG_WARN_INFINITE_RECURSION = YES;
				CLANG_WARN_INT_CONVERSION = YES;
				CLANG_WARN_NON_LITERAL_NULL_CONVERSION = YES;
				CLANG_WARN_OBJC_IMPLICIT_RETAIN_SELF = YES;
				CLANG_WARN_OBJC_LITERAL_CONVERSION = YES;
				CLANG_WARN_OBJC_ROOT_CLASS = YES_ERROR;
				CLANG_WARN_QUOTED_INCLUDE_IN_FRAMEWORK_HEADER = YES;
				CLANG_WARN_RANGE_LOOP_ANALYSIS = YES;
				CLANG_WARN_STRICT_PROTOTYPES = YES;
				CLANG_WARN_SUSPICIOUS_MOVE = YES;
				CLANG_WARN_UNGUARDED_AVAILABILITY = YES_AGGRESSIVE;
				CLANG_WARN_UNREACHABLE_CODE = YES;
				CLANG_WARN__DUPLICATE_METHOD_MATCH = YES;
				CODE_SIGN_IDENTITY = "";
				COPY_PHASE_STRIP = NO;
				DEBUG_INFORMATION_FORMAT = dwarf;
				EMBED_ASSET_PACKS_IN_PRODUCT_BUNDLE = YES;
				ENABLE_STRICT_OBJC_MSGSEND = YES;
				ENABLE_TESTABILITY = YES;
				EXCLUDED_ARCHS = "";
				GCC_C_LANGUAGE_STANDARD = gnu11;
				GCC_DYNAMIC_NO_PIC = NO;
				GCC_NO_COMMON_BLOCKS = YES;
				GCC_OPTIMIZATION_LEVEL = 0;
				GCC_PREPROCESSOR_DEFINITIONS = (
					"DEBUG=1",
					"$(inherited)",
				);
				GCC_WARN_64_TO_32_BIT_CONVERSION = YES;
				GCC_WARN_ABOUT_RETURN_TYPE = YES_ERROR;
				GCC_WARN_UNDECLARED_SELECTOR = YES;
				GCC_WARN_UNINITIALIZED_AUTOS = YES_AGGRESSIVE;
				GCC_WARN_UNUSED_FUNCTION = YES;
				GCC_WARN_UNUSED_VARIABLE = YES;
				MACOSX_DEPLOYMENT_TARGET = 13.0;
				MTL_ENABLE_DEBUG_INFO = INCLUDE_SOURCE;
				MTL_FAST_MATH = YES;
				ONLY_ACTIVE_ARCH = NO;
				SDKROOT = macosx;
				SWIFT_ACTIVE_COMPILATION_CONDITIONS = DEBUG;
				SWIFT_OPTIMIZATION_LEVEL = "-Onone";
			};
			name = Debug;
		};
		961C95FA2B2E19B40093F228 /* Release */ = {
			isa = XCBuildConfiguration;
			buildSettings = {
				ALWAYS_SEARCH_USER_PATHS = NO;
				ARCHS = arm64;
				CLANG_ANALYZER_NONNULL = YES;
				CLANG_ANALYZER_NUMBER_OBJECT_CONVERSION = YES_AGGRESSIVE;
				CLANG_CXX_LANGUAGE_STANDARD = "gnu++20";
				CLANG_ENABLE_MODULES = YES;
				CLANG_ENABLE_OBJC_ARC = YES;
				CLANG_ENABLE_OBJC_WEAK = YES;
				CLANG_WARN_BLOCK_CAPTURE_AUTORELEASING = YES;
				CLANG_WARN_BOOL_CONVERSION = YES;
				CLANG_WARN_COMMA = YES;
				CLANG_WARN_CONSTANT_CONVERSION = YES;
				CLANG_WARN_DEPRECATED_OBJC_IMPLEMENTATIONS = YES;
				CLANG_WARN_DIRECT_OBJC_ISA_USAGE = YES_ERROR;
				CLANG_WARN_DOCUMENTATION_COMMENTS = YES;
				CLANG_WARN_EMPTY_BODY = YES;
				CLANG_WARN_ENUM_CONVERSION = YES;
				CLANG_WARN_INFINITE_RECURSION = YES;
				CLANG_WARN_INT_CONVERSION = YES;
				CLANG_WARN_NON_LITERAL_NULL_CONVERSION = YES;
				CLANG_WARN_OBJC_IMPLICIT_RETAIN_SELF = YES;
				CLANG_WARN_OBJC_LITERAL_CONVERSION = YES;
				CLANG_WARN_OBJC_ROOT_CLASS = YES_ERROR;
				CLANG_WARN_QUOTED_INCLUDE_IN_FRAMEWORK_HEADER = YES;
				CLANG_WARN_RANGE_LOOP_ANALYSIS = YES;
				CLANG_WARN_STRICT_PROTOTYPES = YES;
				CLANG_WARN_SUSPICIOUS_MOVE = YES;
				CLANG_WARN_UNGUARDED_AVAILABILITY = YES_AGGRESSIVE;
				CLANG_WARN_UNREACHABLE_CODE = YES;
				CLANG_WARN__DUPLICATE_METHOD_MATCH = YES;
				CODE_SIGN_IDENTITY = "";
				"CODE_SIGN_IDENTITY[sdk=macosx*]" = "";
				COPY_PHASE_STRIP = NO;
				DEBUG_INFORMATION_FORMAT = "dwarf-with-dsym";
				EMBED_ASSET_PACKS_IN_PRODUCT_BUNDLE = YES;
				ENABLE_NS_ASSERTIONS = NO;
				ENABLE_STRICT_OBJC_MSGSEND = YES;
				EXCLUDED_ARCHS = "";
				GCC_C_LANGUAGE_STANDARD = gnu11;
				GCC_NO_COMMON_BLOCKS = YES;
				GCC_WARN_64_TO_32_BIT_CONVERSION = YES;
				GCC_WARN_ABOUT_RETURN_TYPE = YES_ERROR;
				GCC_WARN_UNDECLARED_SELECTOR = YES;
				GCC_WARN_UNINITIALIZED_AUTOS = YES_AGGRESSIVE;
				GCC_WARN_UNUSED_FUNCTION = YES;
				GCC_WARN_UNUSED_VARIABLE = YES;
				MACOSX_DEPLOYMENT_TARGET = 13.0;
				MTL_ENABLE_DEBUG_INFO = NO;
				MTL_FAST_MATH = YES;
				ONLY_ACTIVE_ARCH = NO;
				SDKROOT = macosx;
				SWIFT_COMPILATION_MODE = wholemodule;
				SWIFT_OPTIMIZATION_LEVEL = "-O";
			};
			name = Release;
		};
		961C95FC2B2E19B40093F228 /* Debug */ = {
			isa = XCBuildConfiguration;
			buildSettings = {
				ARCHS = arm64;
				ASSETCATALOG_COMPILER_APPICON_NAME = AppIcon;
				ASSETCATALOG_COMPILER_GLOBAL_ACCENT_COLOR_NAME = AccentColor;
				ASSETCATALOG_COMPILER_INCLUDE_ALL_APPICON_ASSETS = YES;
				CODE_SIGN_ENTITLEMENTS = rem/rem.entitlements;
				CODE_SIGN_IDENTITY = "Apple Development";
				"CODE_SIGN_IDENTITY[sdk=macosx*]" = "Apple Development";
				CODE_SIGN_STYLE = Automatic;
				COMBINE_HIDPI_IMAGES = YES;
				CURRENT_PROJECT_VERSION = 1;
				DEVELOPMENT_ASSET_PATHS = "\"rem/Preview Content\"";
				DEVELOPMENT_TEAM = XK2A33Z623;
				ENABLE_APP_SANDBOX = YES;
				ENABLE_HARDENED_RUNTIME = YES;
				ENABLE_PREVIEWS = YES;
				GENERATE_INFOPLIST_FILE = YES;
				INFOPLIST_FILE = rem/Info.plist;
				INFOPLIST_KEY_LSApplicationCategoryType = "public.app-category.productivity";
				INFOPLIST_KEY_LSUIElement = YES;
				INFOPLIST_KEY_NSHumanReadableCopyright = "";
				LD_RUNPATH_SEARCH_PATHS = (
					"$(inherited)",
					"@executable_path/../Frameworks",
				);
				MARKETING_VERSION = 1.0;
				PRODUCT_BUNDLE_IDENTIFIER = today.jason.rem;
				PRODUCT_NAME = "$(TARGET_NAME)";
				PROVISIONING_PROFILE_SPECIFIER = "";
				SWIFT_EMIT_LOC_STRINGS = YES;
				SWIFT_VERSION = 5.0;
			};
			name = Debug;
		};
		961C95FD2B2E19B40093F228 /* Release */ = {
			isa = XCBuildConfiguration;
			buildSettings = {
				ARCHS = arm64;
				ASSETCATALOG_COMPILER_APPICON_NAME = AppIcon;
				ASSETCATALOG_COMPILER_GLOBAL_ACCENT_COLOR_NAME = AccentColor;
				ASSETCATALOG_COMPILER_INCLUDE_ALL_APPICON_ASSETS = YES;
				CODE_SIGN_ENTITLEMENTS = rem/rem.entitlements;
				CODE_SIGN_IDENTITY = "Apple Development";
				"CODE_SIGN_IDENTITY[sdk=macosx*]" = "Apple Development";
				CODE_SIGN_STYLE = Automatic;
				COMBINE_HIDPI_IMAGES = YES;
				CURRENT_PROJECT_VERSION = 1;
				DEVELOPMENT_ASSET_PATHS = "\"rem/Preview Content\"";
				DEVELOPMENT_TEAM = XK2A33Z623;
				ENABLE_APP_SANDBOX = YES;
				ENABLE_HARDENED_RUNTIME = YES;
				ENABLE_PREVIEWS = YES;
				GENERATE_INFOPLIST_FILE = YES;
				INFOPLIST_FILE = rem/Info.plist;
				INFOPLIST_KEY_LSApplicationCategoryType = "public.app-category.productivity";
				INFOPLIST_KEY_LSUIElement = YES;
				INFOPLIST_KEY_NSHumanReadableCopyright = "";
				LD_RUNPATH_SEARCH_PATHS = (
					"$(inherited)",
					"@executable_path/../Frameworks",
				);
				MARKETING_VERSION = 1.0;
				PRODUCT_BUNDLE_IDENTIFIER = today.jason.rem;
				PRODUCT_NAME = "$(TARGET_NAME)";
				PROVISIONING_PROFILE_SPECIFIER = "";
				SWIFT_EMIT_LOC_STRINGS = YES;
				SWIFT_VERSION = 5.0;
			};
			name = Release;
		};
		961C95FF2B2E19B40093F228 /* Debug */ = {
			isa = XCBuildConfiguration;
			buildSettings = {
				ALWAYS_EMBED_SWIFT_STANDARD_LIBRARIES = YES;
				BUNDLE_LOADER = "$(TEST_HOST)";
				"CODE_SIGN_IDENTITY[sdk=macosx*]" = "Apple Development";
				CODE_SIGN_STYLE = Automatic;
				CURRENT_PROJECT_VERSION = 1;
				DEVELOPMENT_TEAM = XK2A33Z623;
				GENERATE_INFOPLIST_FILE = YES;
				MACOSX_DEPLOYMENT_TARGET = 14.0;
				MARKETING_VERSION = 1.0;
				PRODUCT_BUNDLE_IDENTIFIER = today.jason.remTests;
				PRODUCT_NAME = "$(TARGET_NAME)";
				SWIFT_EMIT_LOC_STRINGS = NO;
				SWIFT_VERSION = 5.0;
				TEST_HOST = "$(BUILT_PRODUCTS_DIR)/rem.app/$(BUNDLE_EXECUTABLE_FOLDER_PATH)/rem";
			};
			name = Debug;
		};
		961C96002B2E19B40093F228 /* Release */ = {
			isa = XCBuildConfiguration;
			buildSettings = {
				ALWAYS_EMBED_SWIFT_STANDARD_LIBRARIES = YES;
				BUNDLE_LOADER = "$(TEST_HOST)";
				"CODE_SIGN_IDENTITY[sdk=macosx*]" = "Apple Development";
				CODE_SIGN_STYLE = Automatic;
				CURRENT_PROJECT_VERSION = 1;
				DEVELOPMENT_TEAM = XK2A33Z623;
				GENERATE_INFOPLIST_FILE = YES;
				MACOSX_DEPLOYMENT_TARGET = 14.0;
				MARKETING_VERSION = 1.0;
				PRODUCT_BUNDLE_IDENTIFIER = today.jason.remTests;
				PRODUCT_NAME = "$(TARGET_NAME)";
				SWIFT_EMIT_LOC_STRINGS = NO;
				SWIFT_VERSION = 5.0;
				TEST_HOST = "$(BUILT_PRODUCTS_DIR)/rem.app/$(BUNDLE_EXECUTABLE_FOLDER_PATH)/rem";
			};
			name = Release;
		};
		961C96022B2E19B40093F228 /* Debug */ = {
			isa = XCBuildConfiguration;
			buildSettings = {
				ALWAYS_EMBED_SWIFT_STANDARD_LIBRARIES = YES;
				CODE_SIGN_STYLE = Automatic;
				CURRENT_PROJECT_VERSION = 1;
				DEVELOPMENT_TEAM = XK2A33Z623;
				GENERATE_INFOPLIST_FILE = YES;
				MARKETING_VERSION = 1.0;
				PRODUCT_BUNDLE_IDENTIFIER = today.jason.remUITests;
				PRODUCT_NAME = "$(TARGET_NAME)";
				SWIFT_EMIT_LOC_STRINGS = NO;
				SWIFT_VERSION = 5.0;
				TEST_TARGET_NAME = rem;
			};
			name = Debug;
		};
		961C96032B2E19B40093F228 /* Release */ = {
			isa = XCBuildConfiguration;
			buildSettings = {
				ALWAYS_EMBED_SWIFT_STANDARD_LIBRARIES = YES;
				CODE_SIGN_STYLE = Automatic;
				CURRENT_PROJECT_VERSION = 1;
				DEVELOPMENT_TEAM = XK2A33Z623;
				GENERATE_INFOPLIST_FILE = YES;
				MARKETING_VERSION = 1.0;
				PRODUCT_BUNDLE_IDENTIFIER = today.jason.remUITests;
				PRODUCT_NAME = "$(TARGET_NAME)";
				SWIFT_EMIT_LOC_STRINGS = NO;
				SWIFT_VERSION = 5.0;
				TEST_TARGET_NAME = rem;
			};
			name = Release;
		};
		96DBA3382B3F29C40000CFBE /* Debug */ = {
			isa = XCBuildConfiguration;
			buildSettings = {
				ASSETCATALOG_COMPILER_GENERATE_SWIFT_ASSET_SYMBOL_EXTENSIONS = YES;
				CODE_SIGN_ENTITLEMENTS = ffmpegX/ffmpegX.entitlements;
				"CODE_SIGN_IDENTITY[sdk=macosx*]" = "Apple Development";
				CODE_SIGN_INJECT_BASE_ENTITLEMENTS = NO;
				CODE_SIGN_STYLE = Automatic;
				DEVELOPMENT_TEAM = XK2A33Z623;
				ENABLE_APP_SANDBOX = YES;
				ENABLE_HARDENED_RUNTIME = YES;
				ENABLE_USER_SCRIPT_SANDBOXING = YES;
				GCC_C_LANGUAGE_STANDARD = gnu17;
				LOCALIZATION_PREFERS_STRING_CATALOGS = YES;
				NEW_SETTING = "";
				ONLY_ACTIVE_ARCH = YES;
				OTHER_CODE_SIGN_FLAGS = "$(inherited) -i $(PRODUCT_BUNDLE_IDENTIFIER)";
				PRODUCT_BUNDLE_IDENTIFIER = today.jason.rem.ffmpegX;
				PRODUCT_NAME = "$(TARGET_NAME)";
				SKIP_INSTALL = YES;
				SWIFT_ACTIVE_COMPILATION_CONDITIONS = "DEBUG $(inherited)";
				SWIFT_VERSION = 5.0;
			};
			name = Debug;
		};
		96DBA3392B3F29C40000CFBE /* Release */ = {
			isa = XCBuildConfiguration;
			buildSettings = {
				ASSETCATALOG_COMPILER_GENERATE_SWIFT_ASSET_SYMBOL_EXTENSIONS = YES;
				CODE_SIGN_ENTITLEMENTS = ffmpegX/ffmpegX.entitlements;
				"CODE_SIGN_IDENTITY[sdk=macosx*]" = "Apple Development";
				CODE_SIGN_INJECT_BASE_ENTITLEMENTS = NO;
				CODE_SIGN_STYLE = Automatic;
				DEVELOPMENT_TEAM = XK2A33Z623;
				ENABLE_APP_SANDBOX = YES;
				ENABLE_HARDENED_RUNTIME = YES;
				ENABLE_USER_SCRIPT_SANDBOXING = YES;
				GCC_C_LANGUAGE_STANDARD = gnu17;
				LOCALIZATION_PREFERS_STRING_CATALOGS = YES;
				NEW_SETTING = "";
				OTHER_CODE_SIGN_FLAGS = "$(inherited) -i $(PRODUCT_BUNDLE_IDENTIFIER)";
				PRODUCT_BUNDLE_IDENTIFIER = today.jason.rem.ffmpegX;
				PRODUCT_NAME = "$(TARGET_NAME)";
				SKIP_INSTALL = YES;
				SWIFT_VERSION = 5.0;
			};
			name = Release;
		};
/* End XCBuildConfiguration section */

/* Begin XCConfigurationList section */
		961C95D12B2E19B30093F228 /* Build configuration list for PBXProject "rem" */ = {
			isa = XCConfigurationList;
			buildConfigurations = (
				961C95F92B2E19B40093F228 /* Debug */,
				961C95FA2B2E19B40093F228 /* Release */,
			);
			defaultConfigurationIsVisible = 0;
			defaultConfigurationName = Release;
		};
		961C95FB2B2E19B40093F228 /* Build configuration list for PBXNativeTarget "rem" */ = {
			isa = XCConfigurationList;
			buildConfigurations = (
				961C95FC2B2E19B40093F228 /* Debug */,
				961C95FD2B2E19B40093F228 /* Release */,
			);
			defaultConfigurationIsVisible = 0;
			defaultConfigurationName = Release;
		};
		961C95FE2B2E19B40093F228 /* Build configuration list for PBXNativeTarget "remTests" */ = {
			isa = XCConfigurationList;
			buildConfigurations = (
				961C95FF2B2E19B40093F228 /* Debug */,
				961C96002B2E19B40093F228 /* Release */,
			);
			defaultConfigurationIsVisible = 0;
			defaultConfigurationName = Release;
		};
		961C96012B2E19B40093F228 /* Build configuration list for PBXNativeTarget "remUITests" */ = {
			isa = XCConfigurationList;
			buildConfigurations = (
				961C96022B2E19B40093F228 /* Debug */,
				961C96032B2E19B40093F228 /* Release */,
			);
			defaultConfigurationIsVisible = 0;
			defaultConfigurationName = Release;
		};
		96DBA3372B3F29C40000CFBE /* Build configuration list for PBXNativeTarget "ffmpegX" */ = {
			isa = XCConfigurationList;
			buildConfigurations = (
				96DBA3382B3F29C40000CFBE /* Debug */,
				96DBA3392B3F29C40000CFBE /* Release */,
			);
			defaultConfigurationIsVisible = 0;
			defaultConfigurationName = Release;
		};
/* End XCConfigurationList section */

/* Begin XCRemoteSwiftPackageReference section */
		102CA4DD2B3E691F00C3DA2E /* XCRemoteSwiftPackageReference "LaunchAtLogin-Modern" */ = {
			isa = XCRemoteSwiftPackageReference;
			repositoryURL = "https://github.com/sindresorhus/LaunchAtLogin-Modern";
			requirement = {
				branch = main;
				kind = branch;
			};
		};
		969F3EFD2B3A8C4D0085787B /* XCRemoteSwiftPackageReference "HotKey" */ = {
			isa = XCRemoteSwiftPackageReference;
			repositoryURL = "https://github.com/soffes/HotKey";
			requirement = {
				branch = main;
				kind = branch;
			};
		};
/* End XCRemoteSwiftPackageReference section */

/* Begin XCSwiftPackageProductDependency section */
		102CA4DE2B3E691F00C3DA2E /* LaunchAtLogin */ = {
			isa = XCSwiftPackageProductDependency;
			package = 102CA4DD2B3E691F00C3DA2E /* XCRemoteSwiftPackageReference "LaunchAtLogin-Modern" */;
			productName = LaunchAtLogin;
		};
		969F3EFE2B3A8C4D0085787B /* HotKey */ = {
			isa = XCSwiftPackageProductDependency;
			package = 969F3EFD2B3A8C4D0085787B /* XCRemoteSwiftPackageReference "HotKey" */;
			productName = HotKey;
		};
/* End XCSwiftPackageProductDependency section */
	};
	rootObject = 961C95CE2B2E19B30093F228 /* Project object */;
}
